
Microsoft Visual Studio Solution File, Format Version 12.00
# Visual Studio 15
VisualStudioVersion = 15.0.28307.329
MinimumVisualStudioVersion = 10.0.40219.1
Project("{FAE04EC0-301F-11D3-BF4B-00C04F79EFBC}") = "BankAppNew", "BankAppNew\BankAppNew.csproj", "{BA7E91A0-DDCD-4749-8BD4-056ECA6E6748}"
EndProject
Global
	GlobalSection(SolutionConfigurationPlatforms) = preSolution
		Debug|Any CPU = Debug|Any CPU
		Release|Any CPU = Release|Any CPU
	EndGlobalSection
	GlobalSection(ProjectConfigurationPlatforms) = postSolution
		{BA7E91A0-DDCD-4749-8BD4-056ECA6E6748}.Debug|Any CPU.ActiveCfg = Debug|Any CPU
		{BA7E91A0-DDCD-4749-8BD4-056ECA6E6748}.Debug|Any CPU.Build.0 = Debug|Any CPU
		{BA7E91A0-DDCD-4749-8BD4-056ECA6E6748}.Release|Any CPU.ActiveCfg = Release|Any CPU
		{BA7E91A0-DDCD-4749-8BD4-056ECA6E6748}.Release|Any CPU.Build.0 = Release|Any CPU
	EndGlobalSection
	GlobalSection(SolutionProperties) = preSolution
		HideSolutionNode = FALSE
	EndGlobalSection
	GlobalSection(ExtensibilityGlobals) = postSolution
		SolutionGuid = {082DE71E-A038-4208-A75D-6C9B29FBDBBD}
	EndGlobalSection
EndGlobal
